{
  "version": "3",
  "packages": {
    "specifiers": {
      "jsr:@baetheus/fun@^2.1.0": "jsr:@baetheus/fun@2.1.0",
      "jsr:@jlarky/nanoid@^0.0.2": "jsr:@jlarky/nanoid@0.0.2",
      "jsr:@std/media-types@^0.220.1": "jsr:@std/media-types@0.220.1",
      "npm:preact-render-to-string@6.4.0": "npm:preact-render-to-string@6.4.0_preact@10.19.6",
      "npm:preact@10.19.6": "npm:preact@10.19.6"
    },
    "jsr": {
      "@baetheus/fun@2.1.0": {
        "integrity": "ca5f0b31b7857dc751eaf913d6afb278c2f95845c5a2feef53b1873575408f3d"
      },
      "@jlarky/nanoid@0.0.2": {
        "integrity": "6246747f6f43f4ec7a2f39b0bf77411a55be5d57c97e212d91486b55f3bc3a12"
      },
      "@std/media-types@0.220.1": {
        "integrity": "9dea30f7e0c87426ad8736678137ad277f1450f858efa1ef2c3aad6d9029b682"
      }
    },
    "npm": {
      "preact-render-to-string@6.4.0_preact@10.19.6": {
        "integrity": "sha512-pzDwezZaLbK371OiJjXDsZJwVOALzFX5M1wEh2Kr0pEApq5AV6bRH/DFbA/zNA7Lck/duyREPQLLvzu2G6hEQQ==",
        "dependencies": {
          "preact": "preact@10.19.6",
          "pretty-format": "pretty-format@3.8.0"
        }
      },
      "preact@10.19.6": {
        "integrity": "sha512-gympg+T2Z1fG1unB8NH29yHJwnEaCH37Z32diPDku316OTnRPeMbiRV9kTrfZpocXjdfnWuFUl/Mj4BHaf6gnw==",
        "dependencies": {}
      },
      "pretty-format@3.8.0": {
        "integrity": "sha512-WuxUnVtlWL1OfZFQFuqvnvs6MiAGk9UNsBostyBOB0Is9wb5uRESevA6rnl/rkksXaGX3GzZhPup5d6Vp1nFew==",
        "dependencies": {}
      }
    }
  },
  "remote": {},
  "workspace": {
    "dependencies": [
      "jsr:@baetheus/fun@^2.1.0",
      "jsr:@jlarky/nanoid@^0.0.2",
      "jsr:@std/media-types@^0.220.1",
      "npm:preact-render-to-string@6.4.0",
      "npm:preact-router@4.1.2",
      "npm:preact@10.19.6"
    ]
  }
}
