{
  "version": "4",
  "specifiers": {
    "jsr:@baetheus/fun@^2.3.0": "2.3.0",
    "jsr:@jlarky/nanoid@^0.0.2": "0.0.2",
    "jsr:@std/media-types@^1.1.0": "1.1.0",
    "npm:preact-render-to-string@6.5.13": "6.5.13_preact@10.27.0",
    "npm:preact-router@4.1.2": "4.1.2_preact@10.27.0",
    "npm:preact@10.27.0": "10.27.0"
  },
  "jsr": {
    "@baetheus/fun@2.3.0": {
      "integrity": "84d6c03184b34e3ab8e74470649f6093c36aa420880d448acece716822432bd5"
    },
    "@jlarky/nanoid@0.0.2": {
      "integrity": "6246747f6f43f4ec7a2f39b0bf77411a55be5d57c97e212d91486b55f3bc3a12"
    },
    "@std/media-types@1.1.0": {
      "integrity": "c9d093f0c05c3512932b330e3cc1fe1d627b301db33a4c2c2185c02471d6eaa4"
    }
  },
  "npm": {
    "preact-render-to-string@6.5.13_preact@10.27.0": {
      "integrity": "sha512-iGPd+hKPMFKsfpR2vL4kJ6ZPcFIoWZEcBf0Dpm3zOpdVvj77aY8RlLiQji5OMrngEyaxGogeakTb54uS2FvA6w==",
      "dependencies": [
        "preact"
      ]
    },
    "preact-router@4.1.2_preact@10.27.0": {
      "integrity": "sha512-uICUaUFYh+XQ+6vZtQn1q+X6rSqwq+zorWOCLWPF5FAsQh3EJ+RsDQ9Ee+fjk545YWQHfUxhrBAaemfxEnMOUg==",
      "dependencies": [
        "preact"
      ]
    },
    "preact@10.27.0": {
      "integrity": "sha512-/DTYoB6mwwgPytiqQTh/7SFRL98ZdiD8Sk8zIUVOxtwq4oWcwrcd1uno9fE/zZmUaUrFNYzbH14CPebOz9tZQw=="
    }
  },
  "workspace": {
    "dependencies": [
      "jsr:@baetheus/fun@^2.3.0",
      "jsr:@jlarky/nanoid@^0.0.2",
      "jsr:@std/media-types@^1.1.0",
      "npm:preact-render-to-string@6.5.13",
      "npm:preact-router@4.1.2",
      "npm:preact@10.27.0"
    ]
  }
}
